
Microsoft Visual Studio Solution File, Format Version 12.00
# Visual Studio Version 16
VisualStudioVersion = 16.0.32126.315
MinimumVisualStudioVersion = 10.0.40219.1
Project("{2150E333-8FDC-42A3-9474-1A3956D46DE8}") = "01 - Teste de Unidade", "01 - Teste de Unidade", "{54E980BB-0321-431C-893F-E5B7C9963842}"
EndProject
Project("{2150E333-8FDC-42A3-9474-1A3956D46DE8}") = "1.1 - Testes basicos", "1.1 - Testes basicos", "{8DA3B733-4C99-4E69-BE65-B0EADB37223D}"
EndProject
Project("{9A19103F-16F7-4668-BE54-9A1E7A4F7556}") = "Demo", "01 - Teste de Unidade\Demo\Demo.csproj", "{65B4AE5A-8DE3-4F85-95C5-0BF4CCEB5F41}"
EndProject
Project("{9A19103F-16F7-4668-BE54-9A1E7A4F7556}") = "Demo.Tests", "01 - Teste de Unidade\Demo.Tests\Demo.Tests.csproj", "{3B442A72-A026-409C-9C36-F8102C45064B}"
EndProject
Project("{2150E333-8FDC-42A3-9474-1A3956D46DE8}") = "2.2 Features", "2.2 Features", "{C036FFDA-11D2-4E1C-9DF8-316E8C00AC27}"
EndProject
Project("{9A19103F-16F7-4668-BE54-9A1E7A4F7556}") = "Features", "01 - Teste de Unidade\Features\Features.csproj", "{C006C4FE-6AF1-4FD9-8D47-990B838B019D}"
EndProject
Project("{9A19103F-16F7-4668-BE54-9A1E7A4F7556}") = "Features.Tests", "01 - Teste de Unidade\Features.Tests\Features.Tests.csproj", "{59A839E2-5BE0-4714-B537-593D8E8F2049}"
EndProject
Project("{2150E333-8FDC-42A3-9474-1A3956D46DE8}") = "02 - TDD", "02 - TDD", "{A9C77A16-B9F2-43FE-ADC1-06FDF4F3B7D5}"
EndProject
Project("{2150E333-8FDC-42A3-9474-1A3956D46DE8}") = "Tests", "Tests", "{37767EB7-945A-4A49-8037-FFE1E0D8E0DC}"
EndProject
Project("{FAE04EC0-301F-11D3-BF4B-00C04F79EFBC}") = "NerdStore.Core", "02 - TDD\src\NerdStore.Core\NerdStore.Core.csproj", "{8104A986-07D7-4CF6-88C4-D1278FA5B455}"
EndProject
Project("{FAE04EC0-301F-11D3-BF4B-00C04F79EFBC}") = "NerdStore.Vendas.Application", "02 - TDD\src\NerdStore.Vendas.Application\NerdStore.Vendas.Application.csproj", "{F52EE868-615B-4FEF-9D9F-46DF34A401B9}"
EndProject
Project("{FAE04EC0-301F-11D3-BF4B-00C04F79EFBC}") = "NerdStore.Vendas.Data", "02 - TDD\src\NerdStore.Vendas.Data\NerdStore.Vendas.Data.csproj", "{C6BBFAEB-8D5A-41E3-BF75-98F805688DCE}"
EndProject
Project("{FAE04EC0-301F-11D3-BF4B-00C04F79EFBC}") = "NerdStore.Vendas.Domain", "02 - TDD\src\NerdStore.Vendas.Domain\NerdStore.Vendas.Domain.csproj", "{C7ED71A2-674A-4EFE-84AD-27600F7FCA9D}"
EndProject
Project("{FAE04EC0-301F-11D3-BF4B-00C04F79EFBC}") = "NerdStore.Vendas.Application.Tests", "02 - TDD\tests\NerdStore.Vendas.Application.Tests\NerdStore.Vendas.Application.Tests.csproj", "{0C67B1A7-3E38-4D2E-B1E7-DC1FEFAE7885}"
EndProject
Project("{FAE04EC0-301F-11D3-BF4B-00C04F79EFBC}") = "NerdStore.Vendas.Domain.Tests", "02 - TDD\tests\NerdStore.Vendas.Domain.Tests\NerdStore.Vendas.Domain.Tests.csproj", "{D0B8E304-42F7-4658-8395-73FB252E452F}"
EndProject
Global
	GlobalSection(SolutionConfigurationPlatforms) = preSolution
		Debug|Any CPU = Debug|Any CPU
		Release|Any CPU = Release|Any CPU
	EndGlobalSection
	GlobalSection(ProjectConfigurationPlatforms) = postSolution
		{65B4AE5A-8DE3-4F85-95C5-0BF4CCEB5F41}.Debug|Any CPU.ActiveCfg = Debug|Any CPU
		{65B4AE5A-8DE3-4F85-95C5-0BF4CCEB5F41}.Debug|Any CPU.Build.0 = Debug|Any CPU
		{65B4AE5A-8DE3-4F85-95C5-0BF4CCEB5F41}.Release|Any CPU.ActiveCfg = Release|Any CPU
		{65B4AE5A-8DE3-4F85-95C5-0BF4CCEB5F41}.Release|Any CPU.Build.0 = Release|Any CPU
		{3B442A72-A026-409C-9C36-F8102C45064B}.Debug|Any CPU.ActiveCfg = Debug|Any CPU
		{3B442A72-A026-409C-9C36-F8102C45064B}.Debug|Any CPU.Build.0 = Debug|Any CPU
		{3B442A72-A026-409C-9C36-F8102C45064B}.Release|Any CPU.ActiveCfg = Release|Any CPU
		{3B442A72-A026-409C-9C36-F8102C45064B}.Release|Any CPU.Build.0 = Release|Any CPU
		{C006C4FE-6AF1-4FD9-8D47-990B838B019D}.Debug|Any CPU.ActiveCfg = Debug|Any CPU
		{C006C4FE-6AF1-4FD9-8D47-990B838B019D}.Debug|Any CPU.Build.0 = Debug|Any CPU
		{C006C4FE-6AF1-4FD9-8D47-990B838B019D}.Release|Any CPU.ActiveCfg = Release|Any CPU
		{C006C4FE-6AF1-4FD9-8D47-990B838B019D}.Release|Any CPU.Build.0 = Release|Any CPU
		{59A839E2-5BE0-4714-B537-593D8E8F2049}.Debug|Any CPU.ActiveCfg = Debug|Any CPU
		{59A839E2-5BE0-4714-B537-593D8E8F2049}.Debug|Any CPU.Build.0 = Debug|Any CPU
		{59A839E2-5BE0-4714-B537-593D8E8F2049}.Release|Any CPU.ActiveCfg = Release|Any CPU
		{59A839E2-5BE0-4714-B537-593D8E8F2049}.Release|Any CPU.Build.0 = Release|Any CPU
		{8104A986-07D7-4CF6-88C4-D1278FA5B455}.Debug|Any CPU.ActiveCfg = Debug|Any CPU
		{8104A986-07D7-4CF6-88C4-D1278FA5B455}.Debug|Any CPU.Build.0 = Debug|Any CPU
		{8104A986-07D7-4CF6-88C4-D1278FA5B455}.Release|Any CPU.ActiveCfg = Release|Any CPU
		{8104A986-07D7-4CF6-88C4-D1278FA5B455}.Release|Any CPU.Build.0 = Release|Any CPU
		{F52EE868-615B-4FEF-9D9F-46DF34A401B9}.Debug|Any CPU.ActiveCfg = Debug|Any CPU
		{F52EE868-615B-4FEF-9D9F-46DF34A401B9}.Debug|Any CPU.Build.0 = Debug|Any CPU
		{F52EE868-615B-4FEF-9D9F-46DF34A401B9}.Release|Any CPU.ActiveCfg = Release|Any CPU
		{F52EE868-615B-4FEF-9D9F-46DF34A401B9}.Release|Any CPU.Build.0 = Release|Any CPU
		{C6BBFAEB-8D5A-41E3-BF75-98F805688DCE}.Debug|Any CPU.ActiveCfg = Debug|Any CPU
		{C6BBFAEB-8D5A-41E3-BF75-98F805688DCE}.Debug|Any CPU.Build.0 = Debug|Any CPU
		{C6BBFAEB-8D5A-41E3-BF75-98F805688DCE}.Release|Any CPU.ActiveCfg = Release|Any CPU
		{C6BBFAEB-8D5A-41E3-BF75-98F805688DCE}.Release|Any CPU.Build.0 = Release|Any CPU
		{C7ED71A2-674A-4EFE-84AD-27600F7FCA9D}.Debug|Any CPU.ActiveCfg = Debug|Any CPU
		{C7ED71A2-674A-4EFE-84AD-27600F7FCA9D}.Debug|Any CPU.Build.0 = Debug|Any CPU
		{C7ED71A2-674A-4EFE-84AD-27600F7FCA9D}.Release|Any CPU.ActiveCfg = Release|Any CPU
		{C7ED71A2-674A-4EFE-84AD-27600F7FCA9D}.Release|Any CPU.Build.0 = Release|Any CPU
		{0C67B1A7-3E38-4D2E-B1E7-DC1FEFAE7885}.Debug|Any CPU.ActiveCfg = Debug|Any CPU
		{0C67B1A7-3E38-4D2E-B1E7-DC1FEFAE7885}.Debug|Any CPU.Build.0 = Debug|Any CPU
		{0C67B1A7-3E38-4D2E-B1E7-DC1FEFAE7885}.Release|Any CPU.ActiveCfg = Release|Any CPU
		{0C67B1A7-3E38-4D2E-B1E7-DC1FEFAE7885}.Release|Any CPU.Build.0 = Release|Any CPU
		{D0B8E304-42F7-4658-8395-73FB252E452F}.Debug|Any CPU.ActiveCfg = Debug|Any CPU
		{D0B8E304-42F7-4658-8395-73FB252E452F}.Debug|Any CPU.Build.0 = Debug|Any CPU
		{D0B8E304-42F7-4658-8395-73FB252E452F}.Release|Any CPU.ActiveCfg = Release|Any CPU
		{D0B8E304-42F7-4658-8395-73FB252E452F}.Release|Any CPU.Build.0 = Release|Any CPU
	EndGlobalSection
	GlobalSection(SolutionProperties) = preSolution
		HideSolutionNode = FALSE
	EndGlobalSection
	GlobalSection(NestedProjects) = preSolution
		{8DA3B733-4C99-4E69-BE65-B0EADB37223D} = {54E980BB-0321-431C-893F-E5B7C9963842}
		{65B4AE5A-8DE3-4F85-95C5-0BF4CCEB5F41} = {8DA3B733-4C99-4E69-BE65-B0EADB37223D}
		{3B442A72-A026-409C-9C36-F8102C45064B} = {8DA3B733-4C99-4E69-BE65-B0EADB37223D}
		{C036FFDA-11D2-4E1C-9DF8-316E8C00AC27} = {54E980BB-0321-431C-893F-E5B7C9963842}
		{C006C4FE-6AF1-4FD9-8D47-990B838B019D} = {C036FFDA-11D2-4E1C-9DF8-316E8C00AC27}
		{59A839E2-5BE0-4714-B537-593D8E8F2049} = {C036FFDA-11D2-4E1C-9DF8-316E8C00AC27}
		{37767EB7-945A-4A49-8037-FFE1E0D8E0DC} = {A9C77A16-B9F2-43FE-ADC1-06FDF4F3B7D5}
		{8104A986-07D7-4CF6-88C4-D1278FA5B455} = {A9C77A16-B9F2-43FE-ADC1-06FDF4F3B7D5}
		{F52EE868-615B-4FEF-9D9F-46DF34A401B9} = {A9C77A16-B9F2-43FE-ADC1-06FDF4F3B7D5}
		{C6BBFAEB-8D5A-41E3-BF75-98F805688DCE} = {A9C77A16-B9F2-43FE-ADC1-06FDF4F3B7D5}
		{C7ED71A2-674A-4EFE-84AD-27600F7FCA9D} = {A9C77A16-B9F2-43FE-ADC1-06FDF4F3B7D5}
		{0C67B1A7-3E38-4D2E-B1E7-DC1FEFAE7885} = {37767EB7-945A-4A49-8037-FFE1E0D8E0DC}
		{D0B8E304-42F7-4658-8395-73FB252E452F} = {37767EB7-945A-4A49-8037-FFE1E0D8E0DC}
	EndGlobalSection
	GlobalSection(ExtensibilityGlobals) = postSolution
		SolutionGuid = {FB13E196-2311-4EC2-8D82-2D5308D4FC64}
	EndGlobalSection
EndGlobal
